// !$*UTF8*$!
{
	archiveVersion = 1;
	classes = {
	};
	objectVersion = 56;
	objects = {

/* Begin PBXBuildFile section */
		46310A482B4BCD5900B526E4 /* AppDelegate.swift in Sources */ = {isa = PBXBuildFile; fileRef = 46310A472B4BCD5900B526E4 /* AppDelegate.swift */; };
		46310A4A2B4BCD5900B526E4 /* SceneDelegate.swift in Sources */ = {isa = PBXBuildFile; fileRef = 46310A492B4BCD5900B526E4 /* SceneDelegate.swift */; };
		46310A4C2B4BCD5900B526E4 /* ViewController.swift in Sources */ = {isa = PBXBuildFile; fileRef = 46310A4B2B4BCD5900B526E4 /* ViewController.swift */; };
		46310A4F2B4BCD5900B526E4 /* Main.storyboard in Resources */ = {isa = PBXBuildFile; fileRef = 46310A4D2B4BCD5900B526E4 /* Main.storyboard */; };
		46310A522B4BCD5900B526E4 /* WishListApp.xcdatamodeld in Sources */ = {isa = PBXBuildFile; fileRef = 46310A502B4BCD5900B526E4 /* WishListApp.xcdatamodeld */; };
		46310A542B4BCD5A00B526E4 /* Assets.xcassets in Resources */ = {isa = PBXBuildFile; fileRef = 46310A532B4BCD5A00B526E4 /* Assets.xcassets */; };
		46310A572B4BCD5A00B526E4 /* LaunchScreen.storyboard in Resources */ = {isa = PBXBuildFile; fileRef = 46310A552B4BCD5A00B526E4 /* LaunchScreen.storyboard */; };
		46310A632B4BCDC500B526E4 /* RemoteProduct.swift in Sources */ = {isa = PBXBuildFile; fileRef = 46310A622B4BCDC500B526E4 /* RemoteProduct.swift */; };
		46310A652B4BCDD600B526E4 /* WishListViewController.swift in Sources */ = {isa = PBXBuildFile; fileRef = 46310A642B4BCDD600B526E4 /* WishListViewController.swift */; };
/* End PBXBuildFile section */

/* Begin PBXFileReference section */
		46310A442B4BCD5900B526E4 /* WishListApp.app */ = {isa = PBXFileReference; explicitFileType = wrapper.application; includeInIndex = 0; path = WishListApp.app; sourceTree = BUILT_PRODUCTS_DIR; };
		46310A472B4BCD5900B526E4 /* AppDelegate.swift */ = {isa = PBXFileReference; lastKnownFileType = sourcecode.swift; path = AppDelegate.swift; sourceTree = "<group>"; };
		46310A492B4BCD5900B526E4 /* SceneDelegate.swift */ = {isa = PBXFileReference; lastKnownFileType = sourcecode.swift; path = SceneDelegate.swift; sourceTree = "<group>"; };
		46310A4B2B4BCD5900B526E4 /* ViewController.swift */ = {isa = PBXFileReference; lastKnownFileType = sourcecode.swift; path = ViewController.swift; sourceTree = "<group>"; };
		46310A4E2B4BCD5900B526E4 /* Base */ = {isa = PBXFileReference; lastKnownFileType = file.storyboard; name = Base; path = Base.lproj/Main.storyboard; sourceTree = "<group>"; };
		46310A512B4BCD5900B526E4 /* WishListApp.xcdatamodel */ = {isa = PBXFileReference; lastKnownFileType = wrapper.xcdatamodel; path = WishListApp.xcdatamodel; sourceTree = "<group>"; };
		46310A532B4BCD5A00B526E4 /* Assets.xcassets */ = {isa = PBXFileReference; lastKnownFileType = folder.assetcatalog; path = Assets.xcassets; sourceTree = "<group>"; };
		46310A562B4BCD5A00B526E4 /* Base */ = {isa = PBXFileReference; lastKnownFileType = file.storyboard; name = Base; path = Base.lproj/LaunchScreen.storyboard; sourceTree = "<group>"; };
		46310A582B4BCD5A00B526E4 /* Info.plist */ = {isa = PBXFileReference; lastKnownFileType = text.plist.xml; path = Info.plist; sourceTree = "<group>"; };
		46310A622B4BCDC500B526E4 /* RemoteProduct.swift */ = {isa = PBXFileReference; lastKnownFileType = sourcecode.swift; path = RemoteProduct.swift; sourceTree = "<group>"; };
		46310A642B4BCDD600B526E4 /* WishListViewController.swift */ = {isa = PBXFileReference; lastKnownFileType = sourcecode.swift; path = WishListViewController.swift; sourceTree = "<group>"; };
/* End PBXFileReference section */

/* Begin PBXFrameworksBuildPhase section */
		46310A412B4BCD5900B526E4 /* Frameworks */ = {
			isa = PBXFrameworksBuildPhase;
			buildActionMask = 2147483647;
			files = (
			);
			runOnlyForDeploymentPostprocessing = 0;
		};
/* End PBXFrameworksBuildPhase section */

/* Begin PBXGroup section */
		46310A3B2B4BCD5900B526E4 = {
			isa = PBXGroup;
			children = (
				46310A462B4BCD5900B526E4 /* WishListApp */,
				46310A452B4BCD5900B526E4 /* Products */,
			);
			sourceTree = "<group>";
		};
		46310A452B4BCD5900B526E4 /* Products */ = {
			isa = PBXGroup;
			children = (
				46310A442B4BCD5900B526E4 /* WishListApp.app */,
			);
			name = Products;
			sourceTree = "<group>";
		};
		46310A462B4BCD5900B526E4 /* WishListApp */ = {
			isa = PBXGroup;
			children = (
				46310A602B4BCD8B00B526E4 /* Model */,
				46310A5F2B4BCD8400B526E4 /* View */,
				46310A5E2B4BCD6400B526E4 /* Controller */,
				46310A612B4BCD9300B526E4 /* Supports */,
				46310A582B4BCD5A00B526E4 /* Info.plist */,
				46310A532B4BCD5A00B526E4 /* Assets.xcassets */,
				46310A502B4BCD5900B526E4 /* WishListApp.xcdatamodeld */,
			);
			path = WishListApp;
			sourceTree = "<group>";
		};
		46310A5E2B4BCD6400B526E4 /* Controller */ = {
			isa = PBXGroup;
			children = (
				46310A4B2B4BCD5900B526E4 /* ViewController.swift */,
				46310A642B4BCDD600B526E4 /* WishListViewController.swift */,
			);
			path = Controller;
			sourceTree = "<group>";
		};
		46310A5F2B4BCD8400B526E4 /* View */ = {
			isa = PBXGroup;
			children = (
				46310A4D2B4BCD5900B526E4 /* Main.storyboard */,
			);
			path = View;
			sourceTree = "<group>";
		};
		46310A602B4BCD8B00B526E4 /* Model */ = {
			isa = PBXGroup;
			children = (
				46310A622B4BCDC500B526E4 /* RemoteProduct.swift */,
			);
			path = Model;
			sourceTree = "<group>";
		};
		46310A612B4BCD9300B526E4 /* Supports */ = {
			isa = PBXGroup;
			children = (
				46310A552B4BCD5A00B526E4 /* LaunchScreen.storyboard */,
				46310A472B4BCD5900B526E4 /* AppDelegate.swift */,
				46310A492B4BCD5900B526E4 /* SceneDelegate.swift */,
			);
			path = Supports;
			sourceTree = "<group>";
		};
/* End PBXGroup section */

/* Begin PBXNativeTarget section */
		46310A432B4BCD5900B526E4 /* WishListApp */ = {
			isa = PBXNativeTarget;
			buildConfigurationList = 46310A5B2B4BCD5A00B526E4 /* Build configuration list for PBXNativeTarget "WishListApp" */;
			buildPhases = (
				46310A402B4BCD5900B526E4 /* Sources */,
				46310A412B4BCD5900B526E4 /* Frameworks */,
				46310A422B4BCD5900B526E4 /* Resources */,
			);
			buildRules = (
			);
			dependencies = (
			);
			name = WishListApp;
			productName = WishListApp;
			productReference = 46310A442B4BCD5900B526E4 /* WishListApp.app */;
			productType = "com.apple.product-type.application";
		};
/* End PBXNativeTarget section */

/* Begin PBXProject section */
		46310A3C2B4BCD5900B526E4 /* Project object */ = {
			isa = PBXProject;
			attributes = {
				BuildIndependentTargetsInParallel = 1;
				LastSwiftUpdateCheck = 1500;
				LastUpgradeCheck = 1500;
				TargetAttributes = {
					46310A432B4BCD5900B526E4 = {
						CreatedOnToolsVersion = 15.0.1;
					};
				};
			};
			buildConfigurationList = 46310A3F2B4BCD5900B526E4 /* Build configuration list for PBXProject "WishListApp" */;
			compatibilityVersion = "Xcode 14.0";
			developmentRegion = en;
			hasScannedForEncodings = 0;
			knownRegions = (
				en,
				Base,
			);
			mainGroup = 46310A3B2B4BCD5900B526E4;
			productRefGroup = 46310A452B4BCD5900B526E4 /* Products */;
			projectDirPath = "";
			projectRoot = "";
			targets = (
				46310A432B4BCD5900B526E4 /* WishListApp */,
			);
		};
/* End PBXProject section */

/* Begin PBXResourcesBuildPhase section */
		46310A422B4BCD5900B526E4 /* Resources */ = {
			isa = PBXResourcesBuildPhase;
			buildActionMask = 2147483647;
			files = (
				46310A572B4BCD5A00B526E4 /* LaunchScreen.storyboard in Resources */,
				46310A542B4BCD5A00B526E4 /* Assets.xcassets in Resources */,
				46310A4F2B4BCD5900B526E4 /* Main.storyboard in Resources */,
			);
			runOnlyForDeploymentPostprocessing = 0;
		};
/* End PBXResourcesBuildPhase section */

/* Begin PBXSourcesBuildPhase section */
		46310A402B4BCD5900B526E4 /* Sources */ = {
			isa = PBXSourcesBuildPhase;
			buildActionMask = 2147483647;
			files = (
				46310A522B4BCD5900B526E4 /* WishListApp.xcdatamodeld in Sources */,
				46310A652B4BCDD600B526E4 /* WishListViewController.swift in Sources */,
				46310A4C2B4BCD5900B526E4 /* ViewController.swift in Sources */,
				46310A482B4BCD5900B526E4 /* AppDelegate.swift in Sources */,
				46310A4A2B4BCD5900B526E4 /* SceneDelegate.swift in Sources */,
				46310A632B4BCDC500B526E4 /* RemoteProduct.swift in Sources */,
			);
			runOnlyForDeploymentPostprocessing = 0;
		};
/* End PBXSourcesBuildPhase section */

/* Begin PBXVariantGroup section */
		46310A4D2B4BCD5900B526E4 /* Main.storyboard */ = {
			isa = PBXVariantGroup;
			children = (
				46310A4E2B4BCD5900B526E4 /* Base */,
			);
			name = Main.storyboard;
			sourceTree = "<group>";
		};
		46310A552B4BCD5A00B526E4 /* LaunchScreen.storyboard */ = {
			isa = PBXVariantGroup;
			children = (
				46310A562B4BCD5A00B526E4 /* Base */,
			);
			name = LaunchScreen.storyboard;
			sourceTree = "<group>";
		};
/* End PBXVariantGroup section */

/* Begin XCBuildConfiguration section */
		46310A592B4BCD5A00B526E4 /* Debug */ = {
			isa = XCBuildConfiguration;
			buildSettings = {
				ALWAYS_SEARCH_USER_PATHS = NO;
				ASSETCATALOG_COMPILER_GENERATE_SWIFT_ASSET_SYMBOL_EXTENSIONS = YES;
				CLANG_ANALYZER_NONNULL = YES;
				CLANG_ANALYZER_NUMBER_OBJECT_CONVERSION = YES_AGGRESSIVE;
				CLANG_CXX_LANGUAGE_STANDARD = "gnu++20";
				CLANG_ENABLE_MODULES = YES;
				CLANG_ENABLE_OBJC_ARC = YES;
				CLANG_ENABLE_OBJC_WEAK = YES;
				CLANG_WARN_BLOCK_CAPTURE_AUTORELEASING = YES;
				CLANG_WARN_BOOL_CONVERSION = YES;
				CLANG_WARN_COMMA = YES;
				CLANG_WARN_CONSTANT_CONVERSION = YES;
				CLANG_WARN_DEPRECATED_OBJC_IMPLEMENTATIONS = YES;
				CLANG_WARN_DIRECT_OBJC_ISA_USAGE = YES_ERROR;
				CLANG_WARN_DOCUMENTATION_COMMENTS = YES;
				CLANG_WARN_EMPTY_BODY = YES;
				CLANG_WARN_ENUM_CONVERSION = YES;
				CLANG_WARN_INFINITE_RECURSION = YES;
				CLANG_WARN_INT_CONVERSION = YES;
				CLANG_WARN_NON_LITERAL_NULL_CONVERSION = YES;
				CLANG_WARN_OBJC_IMPLICIT_RETAIN_SELF = YES;
				CLANG_WARN_OBJC_LITERAL_CONVERSION = YES;
				CLANG_WARN_OBJC_ROOT_CLASS = YES_ERROR;
				CLANG_WARN_QUOTED_INCLUDE_IN_FRAMEWORK_HEADER = YES;
				CLANG_WARN_RANGE_LOOP_ANALYSIS = YES;
				CLANG_WARN_STRICT_PROTOTYPES = YES;
				CLANG_WARN_SUSPICIOUS_MOVE = YES;
				CLANG_WARN_UNGUARDED_AVAILABILITY = YES_AGGRESSIVE;
				CLANG_WARN_UNREACHABLE_CODE = YES;
				CLANG_WARN__DUPLICATE_METHOD_MATCH = YES;
				COPY_PHASE_STRIP = NO;
				DEBUG_INFORMATION_FORMAT = dwarf;
				ENABLE_STRICT_OBJC_MSGSEND = YES;
				ENABLE_TESTABILITY = YES;
				ENABLE_USER_SCRIPT_SANDBOXING = YES;
				GCC_C_LANGUAGE_STANDARD = gnu17;
				GCC_DYNAMIC_NO_PIC = NO;
				GCC_NO_COMMON_BLOCKS = YES;
				GCC_OPTIMIZATION_LEVEL = 0;
				GCC_PREPROCESSOR_DEFINITIONS = (
					"DEBUG=1",
					"$(inherited)",
				);
				GCC_WARN_64_TO_32_BIT_CONVERSION = YES;
				GCC_WARN_ABOUT_RETURN_TYPE = YES_ERROR;
				GCC_WARN_UNDECLARED_SELECTOR = YES;
				GCC_WARN_UNINITIALIZED_AUTOS = YES_AGGRESSIVE;
				GCC_WARN_UNUSED_FUNCTION = YES;
				GCC_WARN_UNUSED_VARIABLE = YES;
				IPHONEOS_DEPLOYMENT_TARGET = 17.0;
				LOCALIZATION_PREFERS_STRING_CATALOGS = YES;
				MTL_ENABLE_DEBUG_INFO = INCLUDE_SOURCE;
				MTL_FAST_MATH = YES;
				ONLY_ACTIVE_ARCH = YES;
				SDKROOT = iphoneos;
				SWIFT_ACTIVE_COMPILATION_CONDITIONS = "DEBUG $(inherited)";
				SWIFT_OPTIMIZATION_LEVEL = "-Onone";
			};
			name = Debug;
		};
		46310A5A2B4BCD5A00B526E4 /* Release */ = {
			isa = XCBuildConfiguration;
			buildSettings = {
				ALWAYS_SEARCH_USER_PATHS = NO;
				ASSETCATALOG_COMPILER_GENERATE_SWIFT_ASSET_SYMBOL_EXTENSIONS = YES;
				CLANG_ANALYZER_NONNULL = YES;
				CLANG_ANALYZER_NUMBER_OBJECT_CONVERSION = YES_AGGRESSIVE;
				CLANG_CXX_LANGUAGE_STANDARD = "gnu++20";
				CLANG_ENABLE_MODULES = YES;
				CLANG_ENABLE_OBJC_ARC = YES;
				CLANG_ENABLE_OBJC_WEAK = YES;
				CLANG_WARN_BLOCK_CAPTURE_AUTORELEASING = YES;
				CLANG_WARN_BOOL_CONVERSION = YES;
				CLANG_WARN_COMMA = YES;
				CLANG_WARN_CONSTANT_CONVERSION = YES;
				CLANG_WARN_DEPRECATED_OBJC_IMPLEMENTATIONS = YES;
				CLANG_WARN_DIRECT_OBJC_ISA_USAGE = YES_ERROR;
				CLANG_WARN_DOCUMENTATION_COMMENTS = YES;
				CLANG_WARN_EMPTY_BODY = YES;
				CLANG_WARN_ENUM_CONVERSION = YES;
				CLANG_WARN_INFINITE_RECURSION = YES;
				CLANG_WARN_INT_CONVERSION = YES;
				CLANG_WARN_NON_LITERAL_NULL_CONVERSION = YES;
				CLANG_WARN_OBJC_IMPLICIT_RETAIN_SELF = YES;
				CLANG_WARN_OBJC_LITERAL_CONVERSION = YES;
				CLANG_WARN_OBJC_ROOT_CLASS = YES_ERROR;
				CLANG_WARN_QUOTED_INCLUDE_IN_FRAMEWORK_HEADER = YES;
				CLANG_WARN_RANGE_LOOP_ANALYSIS = YES;
				CLANG_WARN_STRICT_PROTOTYPES = YES;
				CLANG_WARN_SUSPICIOUS_MOVE = YES;
				CLANG_WARN_UNGUARDED_AVAILABILITY = YES_AGGRESSIVE;
				CLANG_WARN_UNREACHABLE_CODE = YES;
				CLANG_WARN__DUPLICATE_METHOD_MATCH = YES;
				COPY_PHASE_STRIP = NO;
				DEBUG_INFORMATION_FORMAT = "dwarf-with-dsym";
				ENABLE_NS_ASSERTIONS = NO;
				ENABLE_STRICT_OBJC_MSGSEND = YES;
				ENABLE_USER_SCRIPT_SANDBOXING = YES;
				GCC_C_LANGUAGE_STANDARD = gnu17;
				GCC_NO_COMMON_BLOCKS = YES;
				GCC_WARN_64_TO_32_BIT_CONVERSION = YES;
				GCC_WARN_ABOUT_RETURN_TYPE = YES_ERROR;
				GCC_WARN_UNDECLARED_SELECTOR = YES;
				GCC_WARN_UNINITIALIZED_AUTOS = YES_AGGRESSIVE;
				GCC_WARN_UNUSED_FUNCTION = YES;
				GCC_WARN_UNUSED_VARIABLE = YES;
				IPHONEOS_DEPLOYMENT_TARGET = 17.0;
				LOCALIZATION_PREFERS_STRING_CATALOGS = YES;
				MTL_ENABLE_DEBUG_INFO = NO;
				MTL_FAST_MATH = YES;
				SDKROOT = iphoneos;
				SWIFT_COMPILATION_MODE = wholemodule;
				VALIDATE_PRODUCT = YES;
			};
			name = Release;
		};
		46310A5C2B4BCD5A00B526E4 /* Debug */ = {
			isa = XCBuildConfiguration;
			buildSettings = {
				ASSETCATALOG_COMPILER_APPICON_NAME = AppIcon;
				ASSETCATALOG_COMPILER_GLOBAL_ACCENT_COLOR_NAME = AccentColor;
				CODE_SIGN_STYLE = Automatic;
				CURRENT_PROJECT_VERSION = 1;
				GENERATE_INFOPLIST_FILE = YES;
				INFOPLIST_FILE = WishListApp/Info.plist;
				INFOPLIST_KEY_UIApplicationSupportsIndirectInputEvents = YES;
				INFOPLIST_KEY_UILaunchStoryboardName = LaunchScreen;
				INFOPLIST_KEY_UIMainStoryboardFile = Main;
				INFOPLIST_KEY_UISupportedInterfaceOrientations_iPad = "UIInterfaceOrientationPortrait UIInterfaceOrientationPortraitUpsideDown UIInterfaceOrientationLandscapeLeft UIInterfaceOrientationLandscapeRight";
				INFOPLIST_KEY_UISupportedInterfaceOrientations_iPhone = "UIInterfaceOrientationPortrait UIInterfaceOrientationLandscapeLeft UIInterfaceOrientationLandscapeRight";
				IPHONEOS_DEPLOYMENT_TARGET = 15.6;
				LD_RUNPATH_SEARCH_PATHS = (
					"$(inherited)",
					"@executable_path/Frameworks",
				);
				MARKETING_VERSION = 1.0;
				PRODUCT_BUNDLE_IDENTIFIER = com.yeongh.WishListApp;
				PRODUCT_NAME = "$(TARGET_NAME)";
				SWIFT_EMIT_LOC_STRINGS = YES;
				SWIFT_VERSION = 5.0;
				TARGETED_DEVICE_FAMILY = "1,2";
			};
			name = Debug;
		};
		46310A5D2B4BCD5A00B526E4 /* Release */ = {
			isa = XCBuildConfiguration;
			buildSettings = {
				ASSETCATALOG_COMPILER_APPICON_NAME = AppIcon;
				ASSETCATALOG_COMPILER_GLOBAL_ACCENT_COLOR_NAME = AccentColor;
				CODE_SIGN_STYLE = Automatic;
				CURRENT_PROJECT_VERSION = 1;
				GENERATE_INFOPLIST_FILE = YES;
				INFOPLIST_FILE = WishListApp/Info.plist;
				INFOPLIST_KEY_UIApplicationSupportsIndirectInputEvents = YES;
				INFOPLIST_KEY_UILaunchStoryboardName = LaunchScreen;
				INFOPLIST_KEY_UIMainStoryboardFile = Main;
				INFOPLIST_KEY_UISupportedInterfaceOrientations_iPad = "UIInterfaceOrientationPortrait UIInterfaceOrientationPortraitUpsideDown UIInterfaceOrientationLandscapeLeft UIInterfaceOrientationLandscapeRight";
				INFOPLIST_KEY_UISupportedInterfaceOrientations_iPhone = "UIInterfaceOrientationPortrait UIInterfaceOrientationLandscapeLeft UIInterfaceOrientationLandscapeRight";
				IPHONEOS_DEPLOYMENT_TARGET = 15.6;
				LD_RUNPATH_SEARCH_PATHS = (
					"$(inherited)",
					"@executable_path/Frameworks",
				);
				MARKETING_VERSION = 1.0;
				PRODUCT_BUNDLE_IDENTIFIER = com.yeongh.WishListApp;
				PRODUCT_NAME = "$(TARGET_NAME)";
				SWIFT_EMIT_LOC_STRINGS = YES;
				SWIFT_VERSION = 5.0;
				TARGETED_DEVICE_FAMILY = "1,2";
			};
			name = Release;
		};
/* End XCBuildConfiguration section */

/* Begin XCConfigurationList section */
		46310A3F2B4BCD5900B526E4 /* Build configuration list for PBXProject "WishListApp" */ = {
			isa = XCConfigurationList;
			buildConfigurations = (
				46310A592B4BCD5A00B526E4 /* Debug */,
				46310A5A2B4BCD5A00B526E4 /* Release */,
			);
			defaultConfigurationIsVisible = 0;
			defaultConfigurationName = Release;
		};
		46310A5B2B4BCD5A00B526E4 /* Build configuration list for PBXNativeTarget "WishListApp" */ = {
			isa = XCConfigurationList;
			buildConfigurations = (
				46310A5C2B4BCD5A00B526E4 /* Debug */,
				46310A5D2B4BCD5A00B526E4 /* Release */,
			);
			defaultConfigurationIsVisible = 0;
			defaultConfigurationName = Release;
		};
/* End XCConfigurationList section */

/* Begin XCVersionGroup section */
		46310A502B4BCD5900B526E4 /* WishListApp.xcdatamodeld */ = {
			isa = XCVersionGroup;
			children = (
				46310A512B4BCD5900B526E4 /* WishListApp.xcdatamodel */,
			);
			currentVersion = 46310A512B4BCD5900B526E4 /* WishListApp.xcdatamodel */;
			path = WishListApp.xcdatamodeld;
			sourceTree = "<group>";
			versionGroupType = wrapper.xcdatamodel;
		};
/* End XCVersionGroup section */
	};
	rootObject = 46310A3C2B4BCD5900B526E4 /* Project object */;
}
